
Microsoft Visual Studio Solution File, Format Version 12.00
# Visual Studio Version 17
VisualStudioVersion = 17.11.35327.3
MinimumVisualStudioVersion = 10.0.40219.1
Project("{FAE04EC0-301F-11D3-BF4B-00C04F79EFBC}") = "Vjezba3", "Vjezba3\Vjezba3.csproj", "{29CFD643-8774-46C2-B138-CA23FFBA3124}"
EndProject
Global
	GlobalSection(SolutionConfigurationPlatforms) = preSolution
		Debug|Any CPU = Debug|Any CPU
		Release|Any CPU = Release|Any CPU
	EndGlobalSection
	GlobalSection(ProjectConfigurationPlatforms) = postSolution
		{29CFD643-8774-46C2-B138-CA23FFBA3124}.Debug|Any CPU.ActiveCfg = Debug|Any CPU
		{29CFD643-8774-46C2-B138-CA23FFBA3124}.Debug|Any CPU.Build.0 = Debug|Any CPU
		{29CFD643-8774-46C2-B138-CA23FFBA3124}.Release|Any CPU.ActiveCfg = Release|Any CPU
		{29CFD643-8774-46C2-B138-CA23FFBA3124}.Release|Any CPU.Build.0 = Release|Any CPU
	EndGlobalSection
	GlobalSection(SolutionProperties) = preSolution
		HideSolutionNode = FALSE
	EndGlobalSection
	GlobalSection(ExtensibilityGlobals) = postSolution
		SolutionGuid = {49090117-CDCD-4B26-982C-A833DF6AF97C}
	EndGlobalSection
EndGlobal
